// !$*UTF8*$!
{
	archiveVersion = 1;
	classes = {
	};
	objectVersion = 46;
	objects = {

/* Begin PBXBuildFile section */
		C734DCF31F698573004372D2 /* AppDelegate.swift in Sources */ = {isa = PBXBuildFile; fileRef = C734DCF21F698573004372D2 /* AppDelegate.swift */; };
		C734DCF51F698573004372D2 /* ViewController.swift in Sources */ = {isa = PBXBuildFile; fileRef = C734DCF41F698573004372D2 /* ViewController.swift */; };
		C734DCF81F698573004372D2 /* Main.storyboard in Resources */ = {isa = PBXBuildFile; fileRef = C734DCF61F698573004372D2 /* Main.storyboard */; };
		C734DCFA1F698573004372D2 /* Assets.xcassets in Resources */ = {isa = PBXBuildFile; fileRef = C734DCF91F698573004372D2 /* Assets.xcassets */; };
		C734DCFD1F698573004372D2 /* LaunchScreen.storyboard in Resources */ = {isa = PBXBuildFile; fileRef = C734DCFB1F698573004372D2 /* LaunchScreen.storyboard */; };
		C734DD081F698573004372D2 /* QSOFA_newTests.swift in Sources */ = {isa = PBXBuildFile; fileRef = C734DD071F698573004372D2 /* QSOFA_newTests.swift */; };
		C734DD131F698573004372D2 /* QSOFA_newUITests.swift in Sources */ = {isa = PBXBuildFile; fileRef = C734DD121F698573004372D2 /* QSOFA_newUITests.swift */; };
/* End PBXBuildFile section */

/* Begin PBXContainerItemProxy section */
		C734DD041F698573004372D2 /* PBXContainerItemProxy */ = {
			isa = PBXContainerItemProxy;
			containerPortal = C734DCE71F698573004372D2 /* Project object */;
			proxyType = 1;
			remoteGlobalIDString = C734DCEE1F698573004372D2;
			remoteInfo = QSOFA_new;
		};
		C734DD0F1F698573004372D2 /* PBXContainerItemProxy */ = {
			isa = PBXContainerItemProxy;
			containerPortal = C734DCE71F698573004372D2 /* Project object */;
			proxyType = 1;
			remoteGlobalIDString = C734DCEE1F698573004372D2;
			remoteInfo = QSOFA_new;
		};
/* End PBXContainerItemProxy section */

/* Begin PBXFileReference section */
		C734DCEF1F698573004372D2 /* QSOFA_new.app */ = {isa = PBXFileReference; explicitFileType = wrapper.application; includeInIndex = 0; path = QSOFA_new.app; sourceTree = BUILT_PRODUCTS_DIR; };
		C734DCF21F698573004372D2 /* AppDelegate.swift */ = {isa = PBXFileReference; lastKnownFileType = sourcecode.swift; path = AppDelegate.swift; sourceTree = "<group>"; };
		C734DCF41F698573004372D2 /* ViewController.swift */ = {isa = PBXFileReference; lastKnownFileType = sourcecode.swift; path = ViewController.swift; sourceTree = "<group>"; };
		C734DCF71F698573004372D2 /* Base */ = {isa = PBXFileReference; lastKnownFileType = file.storyboard; name = Base; path = Base.lproj/Main.storyboard; sourceTree = "<group>"; };
		C734DCF91F698573004372D2 /* Assets.xcassets */ = {isa = PBXFileReference; lastKnownFileType = folder.assetcatalog; path = Assets.xcassets; sourceTree = "<group>"; };
		C734DCFC1F698573004372D2 /* Base */ = {isa = PBXFileReference; lastKnownFileType = file.storyboard; name = Base; path = Base.lproj/LaunchScreen.storyboard; sourceTree = "<group>"; };
		C734DCFE1F698573004372D2 /* Info.plist */ = {isa = PBXFileReference; lastKnownFileType = text.plist.xml; path = Info.plist; sourceTree = "<group>"; };
		C734DD031F698573004372D2 /* QSOFA_newTests.xctest */ = {isa = PBXFileReference; explicitFileType = wrapper.cfbundle; includeInIndex = 0; path = QSOFA_newTests.xctest; sourceTree = BUILT_PRODUCTS_DIR; };
		C734DD071F698573004372D2 /* QSOFA_newTests.swift */ = {isa = PBXFileReference; lastKnownFileType = sourcecode.swift; path = QSOFA_newTests.swift; sourceTree = "<group>"; };
		C734DD091F698573004372D2 /* Info.plist */ = {isa = PBXFileReference; lastKnownFileType = text.plist.xml; path = Info.plist; sourceTree = "<group>"; };
		C734DD0E1F698573004372D2 /* QSOFA_newUITests.xctest */ = {isa = PBXFileReference; explicitFileType = wrapper.cfbundle; includeInIndex = 0; path = QSOFA_newUITests.xctest; sourceTree = BUILT_PRODUCTS_DIR; };
		C734DD121F698573004372D2 /* QSOFA_newUITests.swift */ = {isa = PBXFileReference; lastKnownFileType = sourcecode.swift; path = QSOFA_newUITests.swift; sourceTree = "<group>"; };
		C734DD141F698573004372D2 /* Info.plist */ = {isa = PBXFileReference; lastKnownFileType = text.plist.xml; path = Info.plist; sourceTree = "<group>"; };
/* End PBXFileReference section */

/* Begin PBXFrameworksBuildPhase section */
		C734DCEC1F698573004372D2 /* Frameworks */ = {
			isa = PBXFrameworksBuildPhase;
			buildActionMask = 2147483647;
			files = (
			);
			runOnlyForDeploymentPostprocessing = 0;
		};
		C734DD001F698573004372D2 /* Frameworks */ = {
			isa = PBXFrameworksBuildPhase;
			buildActionMask = 2147483647;
			files = (
			);
			runOnlyForDeploymentPostprocessing = 0;
		};
		C734DD0B1F698573004372D2 /* Frameworks */ = {
			isa = PBXFrameworksBuildPhase;
			buildActionMask = 2147483647;
			files = (
			);
			runOnlyForDeploymentPostprocessing = 0;
		};
/* End PBXFrameworksBuildPhase section */

/* Begin PBXGroup section */
		C734DCE61F698573004372D2 = {
			isa = PBXGroup;
			children = (
				C734DCF11F698573004372D2 /* QSOFA_new */,
				C734DD061F698573004372D2 /* QSOFA_newTests */,
				C734DD111F698573004372D2 /* QSOFA_newUITests */,
				C734DCF01F698573004372D2 /* Products */,
			);
			sourceTree = "<group>";
		};
		C734DCF01F698573004372D2 /* Products */ = {
			isa = PBXGroup;
			children = (
				C734DCEF1F698573004372D2 /* QSOFA_new.app */,
				C734DD031F698573004372D2 /* QSOFA_newTests.xctest */,
				C734DD0E1F698573004372D2 /* QSOFA_newUITests.xctest */,
			);
			name = Products;
			sourceTree = "<group>";
		};
		C734DCF11F698573004372D2 /* QSOFA_new */ = {
			isa = PBXGroup;
			children = (
				C734DCF21F698573004372D2 /* AppDelegate.swift */,
				C734DCF41F698573004372D2 /* ViewController.swift */,
				C734DCF61F698573004372D2 /* Main.storyboard */,
				C734DCF91F698573004372D2 /* Assets.xcassets */,
				C734DCFB1F698573004372D2 /* LaunchScreen.storyboard */,
				C734DCFE1F698573004372D2 /* Info.plist */,
			);
			path = QSOFA_new;
			sourceTree = "<group>";
		};
		C734DD061F698573004372D2 /* QSOFA_newTests */ = {
			isa = PBXGroup;
			children = (
				C734DD071F698573004372D2 /* QSOFA_newTests.swift */,
				C734DD091F698573004372D2 /* Info.plist */,
			);
			path = QSOFA_newTests;
			sourceTree = "<group>";
		};
		C734DD111F698573004372D2 /* QSOFA_newUITests */ = {
			isa = PBXGroup;
			children = (
				C734DD121F698573004372D2 /* QSOFA_newUITests.swift */,
				C734DD141F698573004372D2 /* Info.plist */,
			);
			path = QSOFA_newUITests;
			sourceTree = "<group>";
		};
/* End PBXGroup section */

/* Begin PBXNativeTarget section */
		C734DCEE1F698573004372D2 /* QSOFA_new */ = {
			isa = PBXNativeTarget;
			buildConfigurationList = C734DD171F698573004372D2 /* Build configuration list for PBXNativeTarget "QSOFA_new" */;
			buildPhases = (
				C734DCEB1F698573004372D2 /* Sources */,
				C734DCEC1F698573004372D2 /* Frameworks */,
				C734DCED1F698573004372D2 /* Resources */,
			);
			buildRules = (
			);
			dependencies = (
			);
			name = QSOFA_new;
			productName = QSOFA_new;
			productReference = C734DCEF1F698573004372D2 /* QSOFA_new.app */;
			productType = "com.apple.product-type.application";
		};
		C734DD021F698573004372D2 /* QSOFA_newTests */ = {
			isa = PBXNativeTarget;
			buildConfigurationList = C734DD1A1F698573004372D2 /* Build configuration list for PBXNativeTarget "QSOFA_newTests" */;
			buildPhases = (
				C734DCFF1F698573004372D2 /* Sources */,
				C734DD001F698573004372D2 /* Frameworks */,
				C734DD011F698573004372D2 /* Resources */,
			);
			buildRules = (
			);
			dependencies = (
				C734DD051F698573004372D2 /* PBXTargetDependency */,
			);
			name = QSOFA_newTests;
			productName = QSOFA_newTests;
			productReference = C734DD031F698573004372D2 /* QSOFA_newTests.xctest */;
			productType = "com.apple.product-type.bundle.unit-test";
		};
		C734DD0D1F698573004372D2 /* QSOFA_newUITests */ = {
			isa = PBXNativeTarget;
			buildConfigurationList = C734DD1D1F698573004372D2 /* Build configuration list for PBXNativeTarget "QSOFA_newUITests" */;
			buildPhases = (
				C734DD0A1F698573004372D2 /* Sources */,
				C734DD0B1F698573004372D2 /* Frameworks */,
				C734DD0C1F698573004372D2 /* Resources */,
			);
			buildRules = (
			);
			dependencies = (
				C734DD101F698573004372D2 /* PBXTargetDependency */,
			);
			name = QSOFA_newUITests;
			productName = QSOFA_newUITests;
			productReference = C734DD0E1F698573004372D2 /* QSOFA_newUITests.xctest */;
			productType = "com.apple.product-type.bundle.ui-testing";
		};
/* End PBXNativeTarget section */

/* Begin PBXProject section */
		C734DCE71F698573004372D2 /* Project object */ = {
			isa = PBXProject;
			attributes = {
				LastSwiftUpdateCheck = 0830;
				LastUpgradeCheck = 0830;
				ORGANIZATIONNAME = Test;
				TargetAttributes = {
					C734DCEE1F698573004372D2 = {
						CreatedOnToolsVersion = 8.3.3;
						ProvisioningStyle = Automatic;
					};
					C734DD021F698573004372D2 = {
						CreatedOnToolsVersion = 8.3.3;
						ProvisioningStyle = Automatic;
						TestTargetID = C734DCEE1F698573004372D2;
					};
					C734DD0D1F698573004372D2 = {
						CreatedOnToolsVersion = 8.3.3;
						ProvisioningStyle = Automatic;
						TestTargetID = C734DCEE1F698573004372D2;
					};
				};
			};
			buildConfigurationList = C734DCEA1F698573004372D2 /* Build configuration list for PBXProject "QSOFA_new" */;
			compatibilityVersion = "Xcode 3.2";
			developmentRegion = English;
			hasScannedForEncodings = 0;
			knownRegions = (
				en,
				Base,
			);
			mainGroup = C734DCE61F698573004372D2;
			productRefGroup = C734DCF01F698573004372D2 /* Products */;
			projectDirPath = "";
			projectRoot = "";
			targets = (
				C734DCEE1F698573004372D2 /* QSOFA_new */,
				C734DD021F698573004372D2 /* QSOFA_newTests */,
				C734DD0D1F698573004372D2 /* QSOFA_newUITests */,
			);
		};
/* End PBXProject section */

/* Begin PBXResourcesBuildPhase section */
		C734DCED1F698573004372D2 /* Resources */ = {
			isa = PBXResourcesBuildPhase;
			buildActionMask = 2147483647;
			files = (
				C734DCFD1F698573004372D2 /* LaunchScreen.storyboard in Resources */,
				C734DCFA1F698573004372D2 /* Assets.xcassets in Resources */,
				C734DCF81F698573004372D2 /* Main.storyboard in Resources */,
			);
			runOnlyForDeploymentPostprocessing = 0;
		};
		C734DD011F698573004372D2 /* Resources */ = {
			isa = PBXResourcesBuildPhase;
			buildActionMask = 2147483647;
			files = (
			);
			runOnlyForDeploymentPostprocessing = 0;
		};
		C734DD0C1F698573004372D2 /* Resources */ = {
			isa = PBXResourcesBuildPhase;
			buildActionMask = 2147483647;
			files = (
			);
			runOnlyForDeploymentPostprocessing = 0;
		};
/* End PBXResourcesBuildPhase section */

/* Begin PBXSourcesBuildPhase section */
		C734DCEB1F698573004372D2 /* Sources */ = {
			isa = PBXSourcesBuildPhase;
			buildActionMask = 2147483647;
			files = (
				C734DCF51F698573004372D2 /* ViewController.swift in Sources */,
				C734DCF31F698573004372D2 /* AppDelegate.swift in Sources */,
			);
			runOnlyForDeploymentPostprocessing = 0;
		};
		C734DCFF1F698573004372D2 /* Sources */ = {
			isa = PBXSourcesBuildPhase;
			buildActionMask = 2147483647;
			files = (
				C734DD081F698573004372D2 /* QSOFA_newTests.swift in Sources */,
			);
			runOnlyForDeploymentPostprocessing = 0;
		};
		C734DD0A1F698573004372D2 /* Sources */ = {
			isa = PBXSourcesBuildPhase;
			buildActionMask = 2147483647;
			files = (
				C734DD131F698573004372D2 /* QSOFA_newUITests.swift in Sources */,
			);
			runOnlyForDeploymentPostprocessing = 0;
		};
/* End PBXSourcesBuildPhase section */

/* Begin PBXTargetDependency section */
		C734DD051F698573004372D2 /* PBXTargetDependency */ = {
			isa = PBXTargetDependency;
			target = C734DCEE1F698573004372D2 /* QSOFA_new */;
			targetProxy = C734DD041F698573004372D2 /* PBXContainerItemProxy */;
		};
		C734DD101F698573004372D2 /* PBXTargetDependency */ = {
			isa = PBXTargetDependency;
			target = C734DCEE1F698573004372D2 /* QSOFA_new */;
			targetProxy = C734DD0F1F698573004372D2 /* PBXContainerItemProxy */;
		};
/* End PBXTargetDependency section */

/* Begin PBXVariantGroup section */
		C734DCF61F698573004372D2 /* Main.storyboard */ = {
			isa = PBXVariantGroup;
			children = (
				C734DCF71F698573004372D2 /* Base */,
			);
			name = Main.storyboard;
			sourceTree = "<group>";
		};
		C734DCFB1F698573004372D2 /* LaunchScreen.storyboard */ = {
			isa = PBXVariantGroup;
			children = (
				C734DCFC1F698573004372D2 /* Base */,
			);
			name = LaunchScreen.storyboard;
			sourceTree = "<group>";
		};
/* End PBXVariantGroup section */

/* Begin XCBuildConfiguration section */
		C734DD151F698573004372D2 /* Debug */ = {
			isa = XCBuildConfiguration;
			buildSettings = {
				ALWAYS_SEARCH_USER_PATHS = NO;
				CLANG_ANALYZER_NONNULL = YES;
				CLANG_ANALYZER_NUMBER_OBJECT_CONVERSION = YES_AGGRESSIVE;
				CLANG_CXX_LANGUAGE_STANDARD = "gnu++0x";
				CLANG_CXX_LIBRARY = "libc++";
				CLANG_ENABLE_MODULES = YES;
				CLANG_ENABLE_OBJC_ARC = YES;
				CLANG_WARN_BOOL_CONVERSION = YES;
				CLANG_WARN_CONSTANT_CONVERSION = YES;
				CLANG_WARN_DIRECT_OBJC_ISA_USAGE = YES_ERROR;
				CLANG_WARN_DOCUMENTATION_COMMENTS = YES;
				CLANG_WARN_EMPTY_BODY = YES;
				CLANG_WARN_ENUM_CONVERSION = YES;
				CLANG_WARN_INFINITE_RECURSION = YES;
				CLANG_WARN_INT_CONVERSION = YES;
				CLANG_WARN_OBJC_ROOT_CLASS = YES_ERROR;
				CLANG_WARN_SUSPICIOUS_MOVE = YES;
				CLANG_WARN_UNREACHABLE_CODE = YES;
				CLANG_WARN__DUPLICATE_METHOD_MATCH = YES;
				"CODE_SIGN_IDENTITY[sdk=iphoneos*]" = "iPhone Developer";
				COPY_PHASE_STRIP = NO;
				DEBUG_INFORMATION_FORMAT = dwarf;
				ENABLE_STRICT_OBJC_MSGSEND = YES;
				ENABLE_TESTABILITY = YES;
				GCC_C_LANGUAGE_STANDARD = gnu99;
				GCC_DYNAMIC_NO_PIC = NO;
				GCC_NO_COMMON_BLOCKS = YES;
				GCC_OPTIMIZATION_LEVEL = 0;
				GCC_PREPROCESSOR_DEFINITIONS = (
					"DEBUG=1",
					"$(inherited)",
				);
				GCC_WARN_64_TO_32_BIT_CONVERSION = YES;
				GCC_WARN_ABOUT_RETURN_TYPE = YES_ERROR;
				GCC_WARN_UNDECLARED_SELECTOR = YES;
				GCC_WARN_UNINITIALIZED_AUTOS = YES_AGGRESSIVE;
				GCC_WARN_UNUSED_FUNCTION = YES;
				GCC_WARN_UNUSED_VARIABLE = YES;
				IPHONEOS_DEPLOYMENT_TARGET = 10.3;
				MTL_ENABLE_DEBUG_INFO = YES;
				ONLY_ACTIVE_ARCH = YES;
				SDKROOT = iphoneos;
				SWIFT_ACTIVE_COMPILATION_CONDITIONS = DEBUG;
				SWIFT_OPTIMIZATION_LEVEL = "-Onone";
			};
			name = Debug;
		};
		C734DD161F698573004372D2 /* Release */ = {
			isa = XCBuildConfiguration;
			buildSettings = {
				ALWAYS_SEARCH_USER_PATHS = NO;
				CLANG_ANALYZER_NONNULL = YES;
				CLANG_ANALYZER_NUMBER_OBJECT_CONVERSION = YES_AGGRESSIVE;
				CLANG_CXX_LANGUAGE_STANDARD = "gnu++0x";
				CLANG_CXX_LIBRARY = "libc++";
				CLANG_ENABLE_MODULES = YES;
				CLANG_ENABLE_OBJC_ARC = YES;
				CLANG_WARN_BOOL_CONVERSION = YES;
				CLANG_WARN_CONSTANT_CONVERSION = YES;
				CLANG_WARN_DIRECT_OBJC_ISA_USAGE = YES_ERROR;
				CLANG_WARN_DOCUMENTATION_COMMENTS = YES;
				CLANG_WARN_EMPTY_BODY = YES;
				CLANG_WARN_ENUM_CONVERSION = YES;
				CLANG_WARN_INFINITE_RECURSION = YES;
				CLANG_WARN_INT_CONVERSION = YES;
				CLANG_WARN_OBJC_ROOT_CLASS = YES_ERROR;
				CLANG_WARN_SUSPICIOUS_MOVE = YES;
				CLANG_WARN_UNREACHABLE_CODE = YES;
				CLANG_WARN__DUPLICATE_METHOD_MATCH = YES;
				"CODE_SIGN_IDENTITY[sdk=iphoneos*]" = "iPhone Developer";
				COPY_PHASE_STRIP = NO;
				DEBUG_INFORMATION_FORMAT = "dwarf-with-dsym";
				ENABLE_NS_ASSERTIONS = NO;
				ENABLE_STRICT_OBJC_MSGSEND = YES;
				GCC_C_LANGUAGE_STANDARD = gnu99;
				GCC_NO_COMMON_BLOCKS = YES;
				GCC_WARN_64_TO_32_BIT_CONVERSION = YES;
				GCC_WARN_ABOUT_RETURN_TYPE = YES_ERROR;
				GCC_WARN_UNDECLARED_SELECTOR = YES;
				GCC_WARN_UNINITIALIZED_AUTOS = YES_AGGRESSIVE;
				GCC_WARN_UNUSED_FUNCTION = YES;
				GCC_WARN_UNUSED_VARIABLE = YES;
				IPHONEOS_DEPLOYMENT_TARGET = 10.3;
				MTL_ENABLE_DEBUG_INFO = NO;
				SDKROOT = iphoneos;
				SWIFT_OPTIMIZATION_LEVEL = "-Owholemodule";
				VALIDATE_PRODUCT = YES;
			};
			name = Release;
		};
		C734DD181F698573004372D2 /* Debug */ = {
			isa = XCBuildConfiguration;
			buildSettings = {
				ASSETCATALOG_COMPILER_APPICON_NAME = AppIcon;
				INFOPLIST_FILE = QSOFA_new/Info.plist;
				LD_RUNPATH_SEARCH_PATHS = "$(inherited) @executable_path/Frameworks";
				PRODUCT_BUNDLE_IDENTIFIER = "com.test.QSOFA-new";
				PRODUCT_NAME = "$(TARGET_NAME)";
				SWIFT_VERSION = 3.0;
			};
			name = Debug;
		};
		C734DD191F698573004372D2 /* Release */ = {
			isa = XCBuildConfiguration;
			buildSettings = {
				ASSETCATALOG_COMPILER_APPICON_NAME = AppIcon;
				INFOPLIST_FILE = QSOFA_new/Info.plist;
				LD_RUNPATH_SEARCH_PATHS = "$(inherited) @executable_path/Frameworks";
				PRODUCT_BUNDLE_IDENTIFIER = "com.test.QSOFA-new";
				PRODUCT_NAME = "$(TARGET_NAME)";
				SWIFT_VERSION = 3.0;
			};
			name = Release;
		};
		C734DD1B1F698573004372D2 /* Debug */ = {
			isa = XCBuildConfiguration;
			buildSettings = {
				ALWAYS_EMBED_SWIFT_STANDARD_LIBRARIES = YES;
				BUNDLE_LOADER = "$(TEST_HOST)";
				INFOPLIST_FILE = QSOFA_newTests/Info.plist;
				LD_RUNPATH_SEARCH_PATHS = "$(inherited) @executable_path/Frameworks @loader_path/Frameworks";
				PRODUCT_BUNDLE_IDENTIFIER = "com.test.QSOFA-newTests";
				PRODUCT_NAME = "$(TARGET_NAME)";
				SWIFT_VERSION = 3.0;
				TEST_HOST = "$(BUILT_PRODUCTS_DIR)/QSOFA_new.app/QSOFA_new";
			};
			name = Debug;
		};
		C734DD1C1F698573004372D2 /* Release */ = {
			isa = XCBuildConfiguration;
			buildSettings = {
				ALWAYS_EMBED_SWIFT_STANDARD_LIBRARIES = YES;
				BUNDLE_LOADER = "$(TEST_HOST)";
				INFOPLIST_FILE = QSOFA_newTests/Info.plist;
				LD_RUNPATH_SEARCH_PATHS = "$(inherited) @executable_path/Frameworks @loader_path/Frameworks";
				PRODUCT_BUNDLE_IDENTIFIER = "com.test.QSOFA-newTests";
				PRODUCT_NAME = "$(TARGET_NAME)";
				SWIFT_VERSION = 3.0;
				TEST_HOST = "$(BUILT_PRODUCTS_DIR)/QSOFA_new.app/QSOFA_new";
			};
			name = Release;
		};
		C734DD1E1F698573004372D2 /* Debug */ = {
			isa = XCBuildConfiguration;
			buildSettings = {
				ALWAYS_EMBED_SWIFT_STANDARD_LIBRARIES = YES;
				INFOPLIST_FILE = QSOFA_newUITests/Info.plist;
				LD_RUNPATH_SEARCH_PATHS = "$(inherited) @executable_path/Frameworks @loader_path/Frameworks";
				PRODUCT_BUNDLE_IDENTIFIER = "com.test.QSOFA-newUITests";
				PRODUCT_NAME = "$(TARGET_NAME)";
				SWIFT_VERSION = 3.0;
				TEST_TARGET_NAME = QSOFA_new;
			};
			name = Debug;
		};
		C734DD1F1F698573004372D2 /* Release */ = {
			isa = XCBuildConfiguration;
			buildSettings = {
				ALWAYS_EMBED_SWIFT_STANDARD_LIBRARIES = YES;
				INFOPLIST_FILE = QSOFA_newUITests/Info.plist;
				LD_RUNPATH_SEARCH_PATHS = "$(inherited) @executable_path/Frameworks @loader_path/Frameworks";
				PRODUCT_BUNDLE_IDENTIFIER = "com.test.QSOFA-newUITests";
				PRODUCT_NAME = "$(TARGET_NAME)";
				SWIFT_VERSION = 3.0;
				TEST_TARGET_NAME = QSOFA_new;
			};
			name = Release;
		};
/* End XCBuildConfiguration section */

/* Begin XCConfigurationList section */
		C734DCEA1F698573004372D2 /* Build configuration list for PBXProject "QSOFA_new" */ = {
			isa = XCConfigurationList;
			buildConfigurations = (
				C734DD151F698573004372D2 /* Debug */,
				C734DD161F698573004372D2 /* Release */,
			);
			defaultConfigurationIsVisible = 0;
			defaultConfigurationName = Release;
		};
		C734DD171F698573004372D2 /* Build configuration list for PBXNativeTarget "QSOFA_new" */ = {
			isa = XCConfigurationList;
			buildConfigurations = (
				C734DD181F698573004372D2 /* Debug */,
				C734DD191F698573004372D2 /* Release */,
			);
			defaultConfigurationIsVisible = 0;
		};
		C734DD1A1F698573004372D2 /* Build configuration list for PBXNativeTarget "QSOFA_newTests" */ = {
			isa = XCConfigurationList;
			buildConfigurations = (
				C734DD1B1F698573004372D2 /* Debug */,
				C734DD1C1F698573004372D2 /* Release */,
			);
			defaultConfigurationIsVisible = 0;
		};
		C734DD1D1F698573004372D2 /* Build configuration list for PBXNativeTarget "QSOFA_newUITests" */ = {
			isa = XCConfigurationList;
			buildConfigurations = (
				C734DD1E1F698573004372D2 /* Debug */,
				C734DD1F1F698573004372D2 /* Release */,
			);
			defaultConfigurationIsVisible = 0;
		};
/* End XCConfigurationList section */
	};
	rootObject = C734DCE71F698573004372D2 /* Project object */;
}
